
Microsoft Visual Studio Solution File, Format Version 12.00
# Visual Studio Version 17
VisualStudioVersion = 17.0.31903.59
MinimumVisualStudioVersion = 10.0.40219.1
Project("{2150E333-8FDC-42A3-9474-1A3956D46DE8}") = "src", "src", "{827E0CD3-B72D-47B6-A68D-7590B98EB39B}"
EndProject
Project("{FAE04EC0-301F-11D3-BF4B-00C04F79EFBC}") = "Hamon", "src\Hamon\Hamon.csproj", "{16523E7D-3102-416D-BD35-33BFAD8E1879}"
EndProject
Project("{2150E333-8FDC-42A3-9474-1A3956D46DE8}") = "tests", "tests", "{0AB3BF05-4346-4AA6-1389-037BE0695223}"
EndProject
Project("{FAE04EC0-301F-11D3-BF4B-00C04F79EFBC}") = "Hamon.Tests", "tests\Hamon.Tests\Hamon.Tests.csproj", "{E700BD2F-C515-4CDA-893F-EDB35DF929A8}"
EndProject
Project("{FAE04EC0-301F-11D3-BF4B-00C04F79EFBC}") = "Hamon.Conformance", "tests\Hamon.Conformance\Hamon.Conformance.csproj", "{45CBCC44-FD41-4ABC-9960-111863A80BD5}"
EndProject
Project("{2150E333-8FDC-42A3-9474-1A3956D46DE8}") = "samples", "samples", "{5D20AA90-6969-D8BD-9DCD-8634F4692FDA}"
EndProject
Project("{FAE04EC0-301F-11D3-BF4B-00C04F79EFBC}") = "Hamon.Sandbox", "samples\Hamon.Sandbox\Hamon.Sandbox.csproj", "{1013F9A0-E18F-4CDF-918C-8E0B00B35486}"
EndProject
Project("{FAE04EC0-301F-11D3-BF4B-00C04F79EFBC}") = "Hamon.Fonts", "src\Hamon.Fonts\Hamon.Fonts.csproj", "{B5311047-E39A-4887-91EB-E5DC76C64BBD}"
EndProject
Project("{FAE04EC0-301F-11D3-BF4B-00C04F79EFBC}") = "Hamon.MonoGame", "src\Hamon.MonoGame\Hamon.MonoGame.csproj", "{42F52A84-2EC0-4DE3-BFB4-81841B9291DA}"
EndProject
Project("{FAE04EC0-301F-11D3-BF4B-00C04F79EFBC}") = "Hamon.SampleApp", "samples\Hamon.SampleApp\Hamon.SampleApp.csproj", "{3A9A79F9-1D9E-4B5E-A983-B1ADC0280176}"
EndProject
Project("{FAE04EC0-301F-11D3-BF4B-00C04F79EFBC}") = "Hamon.SampleApp2", "samples\Hamon.SampleApp2\Hamon.SampleApp2.csproj", "{3C8A85B7-C1B1-4501-B0B9-B61A76BC7065}"
EndProject
Project("{FAE04EC0-301F-11D3-BF4B-00C04F79EFBC}") = "Hamon.SampleApp3", "samples\Hamon.SampleApp3\Hamon.SampleApp3.csproj", "{0AFE5019-8E17-4FAD-BDB8-C65A3D91AB7E}"
EndProject
Project("{FAE04EC0-301F-11D3-BF4B-00C04F79EFBC}") = "Hamon.Testing", "tests\Hamon.Testing\Hamon.Testing.csproj", "{DB073125-C69C-4CD0-A191-2F621CC54B14}"
EndProject
Project("{FAE04EC0-301F-11D3-BF4B-00C04F79EFBC}") = "Hamon.E2E.Tests", "tests\Hamon.E2E.Tests\Hamon.E2E.Tests.csproj", "{0AE7E8FE-6178-44AA-9A46-4B4091F0555D}"
EndProject
Project("{FAE04EC0-301F-11D3-BF4B-00C04F79EFBC}") = "Hamon.MinimalApp", "samples\Hamon.MinimalApp\Hamon.MinimalApp.csproj", "{66E54AD7-643E-4D28-9FF8-415197CE51DE}"
EndProject
Global
	GlobalSection(SolutionConfigurationPlatforms) = preSolution
		Debug|Any CPU = Debug|Any CPU
		Debug|x64 = Debug|x64
		Debug|x86 = Debug|x86
		Release|Any CPU = Release|Any CPU
		Release|x64 = Release|x64
		Release|x86 = Release|x86
	EndGlobalSection
	GlobalSection(ProjectConfigurationPlatforms) = postSolution
		{16523E7D-3102-416D-BD35-33BFAD8E1879}.Debug|Any CPU.ActiveCfg = Debug|Any CPU
		{16523E7D-3102-416D-BD35-33BFAD8E1879}.Debug|Any CPU.Build.0 = Debug|Any CPU
		{16523E7D-3102-416D-BD35-33BFAD8E1879}.Debug|x64.ActiveCfg = Debug|Any CPU
		{16523E7D-3102-416D-BD35-33BFAD8E1879}.Debug|x64.Build.0 = Debug|Any CPU
		{16523E7D-3102-416D-BD35-33BFAD8E1879}.Debug|x86.ActiveCfg = Debug|Any CPU
		{16523E7D-3102-416D-BD35-33BFAD8E1879}.Debug|x86.Build.0 = Debug|Any CPU
		{16523E7D-3102-416D-BD35-33BFAD8E1879}.Release|Any CPU.ActiveCfg = Release|Any CPU
		{16523E7D-3102-416D-BD35-33BFAD8E1879}.Release|Any CPU.Build.0 = Release|Any CPU
		{16523E7D-3102-416D-BD35-33BFAD8E1879}.Release|x64.ActiveCfg = Release|Any CPU
		{16523E7D-3102-416D-BD35-33BFAD8E1879}.Release|x64.Build.0 = Release|Any CPU
		{16523E7D-3102-416D-BD35-33BFAD8E1879}.Release|x86.ActiveCfg = Release|Any CPU
		{16523E7D-3102-416D-BD35-33BFAD8E1879}.Release|x86.Build.0 = Release|Any CPU
		{E700BD2F-C515-4CDA-893F-EDB35DF929A8}.Debug|Any CPU.ActiveCfg = Debug|Any CPU
		{E700BD2F-C515-4CDA-893F-EDB35DF929A8}.Debug|Any CPU.Build.0 = Debug|Any CPU
		{E700BD2F-C515-4CDA-893F-EDB35DF929A8}.Debug|x64.ActiveCfg = Debug|Any CPU
		{E700BD2F-C515-4CDA-893F-EDB35DF929A8}.Debug|x64.Build.0 = Debug|Any CPU
		{E700BD2F-C515-4CDA-893F-EDB35DF929A8}.Debug|x86.ActiveCfg = Debug|Any CPU
		{E700BD2F-C515-4CDA-893F-EDB35DF929A8}.Debug|x86.Build.0 = Debug|Any CPU
		{E700BD2F-C515-4CDA-893F-EDB35DF929A8}.Release|Any CPU.ActiveCfg = Release|Any CPU
		{E700BD2F-C515-4CDA-893F-EDB35DF929A8}.Release|Any CPU.Build.0 = Release|Any CPU
		{E700BD2F-C515-4CDA-893F-EDB35DF929A8}.Release|x64.ActiveCfg = Release|Any CPU
		{E700BD2F-C515-4CDA-893F-EDB35DF929A8}.Release|x64.Build.0 = Release|Any CPU
		{E700BD2F-C515-4CDA-893F-EDB35DF929A8}.Release|x86.ActiveCfg = Release|Any CPU
		{E700BD2F-C515-4CDA-893F-EDB35DF929A8}.Release|x86.Build.0 = Release|Any CPU
		{45CBCC44-FD41-4ABC-9960-111863A80BD5}.Debug|Any CPU.ActiveCfg = Debug|Any CPU
		{45CBCC44-FD41-4ABC-9960-111863A80BD5}.Debug|Any CPU.Build.0 = Debug|Any CPU
		{45CBCC44-FD41-4ABC-9960-111863A80BD5}.Debug|x64.ActiveCfg = Debug|Any CPU
		{45CBCC44-FD41-4ABC-9960-111863A80BD5}.Debug|x64.Build.0 = Debug|Any CPU
		{45CBCC44-FD41-4ABC-9960-111863A80BD5}.Debug|x86.ActiveCfg = Debug|Any CPU
		{45CBCC44-FD41-4ABC-9960-111863A80BD5}.Debug|x86.Build.0 = Debug|Any CPU
		{45CBCC44-FD41-4ABC-9960-111863A80BD5}.Release|Any CPU.ActiveCfg = Release|Any CPU
		{45CBCC44-FD41-4ABC-9960-111863A80BD5}.Release|Any CPU.Build.0 = Release|Any CPU
		{45CBCC44-FD41-4ABC-9960-111863A80BD5}.Release|x64.ActiveCfg = Release|Any CPU
		{45CBCC44-FD41-4ABC-9960-111863A80BD5}.Release|x64.Build.0 = Release|Any CPU
		{45CBCC44-FD41-4ABC-9960-111863A80BD5}.Release|x86.ActiveCfg = Release|Any CPU
		{45CBCC44-FD41-4ABC-9960-111863A80BD5}.Release|x86.Build.0 = Release|Any CPU
		{1013F9A0-E18F-4CDF-918C-8E0B00B35486}.Debug|Any CPU.ActiveCfg = Debug|Any CPU
		{1013F9A0-E18F-4CDF-918C-8E0B00B35486}.Debug|Any CPU.Build.0 = Debug|Any CPU
		{1013F9A0-E18F-4CDF-918C-8E0B00B35486}.Debug|x64.ActiveCfg = Debug|Any CPU
		{1013F9A0-E18F-4CDF-918C-8E0B00B35486}.Debug|x64.Build.0 = Debug|Any CPU
		{1013F9A0-E18F-4CDF-918C-8E0B00B35486}.Debug|x86.ActiveCfg = Debug|Any CPU
		{1013F9A0-E18F-4CDF-918C-8E0B00B35486}.Debug|x86.Build.0 = Debug|Any CPU
		{1013F9A0-E18F-4CDF-918C-8E0B00B35486}.Release|Any CPU.ActiveCfg = Release|Any CPU
		{1013F9A0-E18F-4CDF-918C-8E0B00B35486}.Release|Any CPU.Build.0 = Release|Any CPU
		{1013F9A0-E18F-4CDF-918C-8E0B00B35486}.Release|x64.ActiveCfg = Release|Any CPU
		{1013F9A0-E18F-4CDF-918C-8E0B00B35486}.Release|x64.Build.0 = Release|Any CPU
		{1013F9A0-E18F-4CDF-918C-8E0B00B35486}.Release|x86.ActiveCfg = Release|Any CPU
		{1013F9A0-E18F-4CDF-918C-8E0B00B35486}.Release|x86.Build.0 = Release|Any CPU
		{B5311047-E39A-4887-91EB-E5DC76C64BBD}.Debug|Any CPU.ActiveCfg = Debug|Any CPU
		{B5311047-E39A-4887-91EB-E5DC76C64BBD}.Debug|Any CPU.Build.0 = Debug|Any CPU
		{B5311047-E39A-4887-91EB-E5DC76C64BBD}.Debug|x64.ActiveCfg = Debug|Any CPU
		{B5311047-E39A-4887-91EB-E5DC76C64BBD}.Debug|x64.Build.0 = Debug|Any CPU
		{B5311047-E39A-4887-91EB-E5DC76C64BBD}.Debug|x86.ActiveCfg = Debug|Any CPU
		{B5311047-E39A-4887-91EB-E5DC76C64BBD}.Debug|x86.Build.0 = Debug|Any CPU
		{B5311047-E39A-4887-91EB-E5DC76C64BBD}.Release|Any CPU.ActiveCfg = Release|Any CPU
		{B5311047-E39A-4887-91EB-E5DC76C64BBD}.Release|Any CPU.Build.0 = Release|Any CPU
		{B5311047-E39A-4887-91EB-E5DC76C64BBD}.Release|x64.ActiveCfg = Release|Any CPU
		{B5311047-E39A-4887-91EB-E5DC76C64BBD}.Release|x64.Build.0 = Release|Any CPU
		{B5311047-E39A-4887-91EB-E5DC76C64BBD}.Release|x86.ActiveCfg = Release|Any CPU
		{B5311047-E39A-4887-91EB-E5DC76C64BBD}.Release|x86.Build.0 = Release|Any CPU
		{42F52A84-2EC0-4DE3-BFB4-81841B9291DA}.Debug|Any CPU.ActiveCfg = Debug|Any CPU
		{42F52A84-2EC0-4DE3-BFB4-81841B9291DA}.Debug|Any CPU.Build.0 = Debug|Any CPU
		{42F52A84-2EC0-4DE3-BFB4-81841B9291DA}.Debug|x64.ActiveCfg = Debug|Any CPU
		{42F52A84-2EC0-4DE3-BFB4-81841B9291DA}.Debug|x64.Build.0 = Debug|Any CPU
		{42F52A84-2EC0-4DE3-BFB4-81841B9291DA}.Debug|x86.ActiveCfg = Debug|Any CPU
		{42F52A84-2EC0-4DE3-BFB4-81841B9291DA}.Debug|x86.Build.0 = Debug|Any CPU
		{42F52A84-2EC0-4DE3-BFB4-81841B9291DA}.Release|Any CPU.ActiveCfg = Release|Any CPU
		{42F52A84-2EC0-4DE3-BFB4-81841B9291DA}.Release|Any CPU.Build.0 = Release|Any CPU
		{42F52A84-2EC0-4DE3-BFB4-81841B9291DA}.Release|x64.ActiveCfg = Release|Any CPU
		{42F52A84-2EC0-4DE3-BFB4-81841B9291DA}.Release|x64.Build.0 = Release|Any CPU
		{42F52A84-2EC0-4DE3-BFB4-81841B9291DA}.Release|x86.ActiveCfg = Release|Any CPU
		{42F52A84-2EC0-4DE3-BFB4-81841B9291DA}.Release|x86.Build.0 = Release|Any CPU
		{3A9A79F9-1D9E-4B5E-A983-B1ADC0280176}.Debug|Any CPU.ActiveCfg = Debug|Any CPU
		{3A9A79F9-1D9E-4B5E-A983-B1ADC0280176}.Debug|Any CPU.Build.0 = Debug|Any CPU
		{3A9A79F9-1D9E-4B5E-A983-B1ADC0280176}.Debug|x64.ActiveCfg = Debug|Any CPU
		{3A9A79F9-1D9E-4B5E-A983-B1ADC0280176}.Debug|x64.Build.0 = Debug|Any CPU
		{3A9A79F9-1D9E-4B5E-A983-B1ADC0280176}.Debug|x86.ActiveCfg = Debug|Any CPU
		{3A9A79F9-1D9E-4B5E-A983-B1ADC0280176}.Debug|x86.Build.0 = Debug|Any CPU
		{3A9A79F9-1D9E-4B5E-A983-B1ADC0280176}.Release|Any CPU.ActiveCfg = Release|Any CPU
		{3A9A79F9-1D9E-4B5E-A983-B1ADC0280176}.Release|Any CPU.Build.0 = Release|Any CPU
		{3A9A79F9-1D9E-4B5E-A983-B1ADC0280176}.Release|x64.ActiveCfg = Release|Any CPU
		{3A9A79F9-1D9E-4B5E-A983-B1ADC0280176}.Release|x64.Build.0 = Release|Any CPU
		{3A9A79F9-1D9E-4B5E-A983-B1ADC0280176}.Release|x86.ActiveCfg = Release|Any CPU
		{3A9A79F9-1D9E-4B5E-A983-B1ADC0280176}.Release|x86.Build.0 = Release|Any CPU
		{3C8A85B7-C1B1-4501-B0B9-B61A76BC7065}.Debug|Any CPU.ActiveCfg = Debug|Any CPU
		{3C8A85B7-C1B1-4501-B0B9-B61A76BC7065}.Debug|Any CPU.Build.0 = Debug|Any CPU
		{3C8A85B7-C1B1-4501-B0B9-B61A76BC7065}.Debug|x64.ActiveCfg = Debug|Any CPU
		{3C8A85B7-C1B1-4501-B0B9-B61A76BC7065}.Debug|x64.Build.0 = Debug|Any CPU
		{3C8A85B7-C1B1-4501-B0B9-B61A76BC7065}.Debug|x86.ActiveCfg = Debug|Any CPU
		{3C8A85B7-C1B1-4501-B0B9-B61A76BC7065}.Debug|x86.Build.0 = Debug|Any CPU
		{3C8A85B7-C1B1-4501-B0B9-B61A76BC7065}.Release|Any CPU.ActiveCfg = Release|Any CPU
		{3C8A85B7-C1B1-4501-B0B9-B61A76BC7065}.Release|Any CPU.Build.0 = Release|Any CPU
		{3C8A85B7-C1B1-4501-B0B9-B61A76BC7065}.Release|x64.ActiveCfg = Release|Any CPU
		{3C8A85B7-C1B1-4501-B0B9-B61A76BC7065}.Release|x64.Build.0 = Release|Any CPU
		{3C8A85B7-C1B1-4501-B0B9-B61A76BC7065}.Release|x86.ActiveCfg = Release|Any CPU
		{3C8A85B7-C1B1-4501-B0B9-B61A76BC7065}.Release|x86.Build.0 = Release|Any CPU
		{0AFE5019-8E17-4FAD-BDB8-C65A3D91AB7E}.Debug|Any CPU.ActiveCfg = Debug|Any CPU
		{0AFE5019-8E17-4FAD-BDB8-C65A3D91AB7E}.Debug|Any CPU.Build.0 = Debug|Any CPU
		{0AFE5019-8E17-4FAD-BDB8-C65A3D91AB7E}.Debug|x64.ActiveCfg = Debug|Any CPU
		{0AFE5019-8E17-4FAD-BDB8-C65A3D91AB7E}.Debug|x64.Build.0 = Debug|Any CPU
		{0AFE5019-8E17-4FAD-BDB8-C65A3D91AB7E}.Debug|x86.ActiveCfg = Debug|Any CPU
		{0AFE5019-8E17-4FAD-BDB8-C65A3D91AB7E}.Debug|x86.Build.0 = Debug|Any CPU
		{0AFE5019-8E17-4FAD-BDB8-C65A3D91AB7E}.Release|Any CPU.ActiveCfg = Release|Any CPU
		{0AFE5019-8E17-4FAD-BDB8-C65A3D91AB7E}.Release|Any CPU.Build.0 = Release|Any CPU
		{0AFE5019-8E17-4FAD-BDB8-C65A3D91AB7E}.Release|x64.ActiveCfg = Release|Any CPU
		{0AFE5019-8E17-4FAD-BDB8-C65A3D91AB7E}.Release|x64.Build.0 = Release|Any CPU
		{0AFE5019-8E17-4FAD-BDB8-C65A3D91AB7E}.Release|x86.ActiveCfg = Release|Any CPU
		{0AFE5019-8E17-4FAD-BDB8-C65A3D91AB7E}.Release|x86.Build.0 = Release|Any CPU
		{DB073125-C69C-4CD0-A191-2F621CC54B14}.Debug|Any CPU.ActiveCfg = Debug|Any CPU
		{DB073125-C69C-4CD0-A191-2F621CC54B14}.Debug|Any CPU.Build.0 = Debug|Any CPU
		{DB073125-C69C-4CD0-A191-2F621CC54B14}.Debug|x64.ActiveCfg = Debug|Any CPU
		{DB073125-C69C-4CD0-A191-2F621CC54B14}.Debug|x64.Build.0 = Debug|Any CPU
		{DB073125-C69C-4CD0-A191-2F621CC54B14}.Debug|x86.ActiveCfg = Debug|Any CPU
		{DB073125-C69C-4CD0-A191-2F621CC54B14}.Debug|x86.Build.0 = Debug|Any CPU
		{DB073125-C69C-4CD0-A191-2F621CC54B14}.Release|Any CPU.ActiveCfg = Release|Any CPU
		{DB073125-C69C-4CD0-A191-2F621CC54B14}.Release|Any CPU.Build.0 = Release|Any CPU
		{DB073125-C69C-4CD0-A191-2F621CC54B14}.Release|x64.ActiveCfg = Release|Any CPU
		{DB073125-C69C-4CD0-A191-2F621CC54B14}.Release|x64.Build.0 = Release|Any CPU
		{DB073125-C69C-4CD0-A191-2F621CC54B14}.Release|x86.ActiveCfg = Release|Any CPU
		{DB073125-C69C-4CD0-A191-2F621CC54B14}.Release|x86.Build.0 = Release|Any CPU
		{0AE7E8FE-6178-44AA-9A46-4B4091F0555D}.Debug|Any CPU.ActiveCfg = Debug|Any CPU
		{0AE7E8FE-6178-44AA-9A46-4B4091F0555D}.Debug|Any CPU.Build.0 = Debug|Any CPU
		{0AE7E8FE-6178-44AA-9A46-4B4091F0555D}.Debug|x64.ActiveCfg = Debug|Any CPU
		{0AE7E8FE-6178-44AA-9A46-4B4091F0555D}.Debug|x64.Build.0 = Debug|Any CPU
		{0AE7E8FE-6178-44AA-9A46-4B4091F0555D}.Debug|x86.ActiveCfg = Debug|Any CPU
		{0AE7E8FE-6178-44AA-9A46-4B4091F0555D}.Debug|x86.Build.0 = Debug|Any CPU
		{0AE7E8FE-6178-44AA-9A46-4B4091F0555D}.Release|Any CPU.ActiveCfg = Release|Any CPU
		{0AE7E8FE-6178-44AA-9A46-4B4091F0555D}.Release|Any CPU.Build.0 = Release|Any CPU
		{0AE7E8FE-6178-44AA-9A46-4B4091F0555D}.Release|x64.ActiveCfg = Release|Any CPU
		{0AE7E8FE-6178-44AA-9A46-4B4091F0555D}.Release|x64.Build.0 = Release|Any CPU
		{0AE7E8FE-6178-44AA-9A46-4B4091F0555D}.Release|x86.ActiveCfg = Release|Any CPU
		{0AE7E8FE-6178-44AA-9A46-4B4091F0555D}.Release|x86.Build.0 = Release|Any CPU
		{66E54AD7-643E-4D28-9FF8-415197CE51DE}.Debug|Any CPU.ActiveCfg = Debug|Any CPU
		{66E54AD7-643E-4D28-9FF8-415197CE51DE}.Debug|Any CPU.Build.0 = Debug|Any CPU
		{66E54AD7-643E-4D28-9FF8-415197CE51DE}.Debug|x64.ActiveCfg = Debug|Any CPU
		{66E54AD7-643E-4D28-9FF8-415197CE51DE}.Debug|x64.Build.0 = Debug|Any CPU
		{66E54AD7-643E-4D28-9FF8-415197CE51DE}.Debug|x86.ActiveCfg = Debug|Any CPU
		{66E54AD7-643E-4D28-9FF8-415197CE51DE}.Debug|x86.Build.0 = Debug|Any CPU
		{66E54AD7-643E-4D28-9FF8-415197CE51DE}.Release|Any CPU.ActiveCfg = Release|Any CPU
		{66E54AD7-643E-4D28-9FF8-415197CE51DE}.Release|Any CPU.Build.0 = Release|Any CPU
		{66E54AD7-643E-4D28-9FF8-415197CE51DE}.Release|x64.ActiveCfg = Release|Any CPU
		{66E54AD7-643E-4D28-9FF8-415197CE51DE}.Release|x64.Build.0 = Release|Any CPU
		{66E54AD7-643E-4D28-9FF8-415197CE51DE}.Release|x86.ActiveCfg = Release|Any CPU
		{66E54AD7-643E-4D28-9FF8-415197CE51DE}.Release|x86.Build.0 = Release|Any CPU
	EndGlobalSection
	GlobalSection(SolutionProperties) = preSolution
		HideSolutionNode = FALSE
	EndGlobalSection
	GlobalSection(NestedProjects) = preSolution
		{16523E7D-3102-416D-BD35-33BFAD8E1879} = {827E0CD3-B72D-47B6-A68D-7590B98EB39B}
		{E700BD2F-C515-4CDA-893F-EDB35DF929A8} = {0AB3BF05-4346-4AA6-1389-037BE0695223}
		{45CBCC44-FD41-4ABC-9960-111863A80BD5} = {0AB3BF05-4346-4AA6-1389-037BE0695223}
		{1013F9A0-E18F-4CDF-918C-8E0B00B35486} = {5D20AA90-6969-D8BD-9DCD-8634F4692FDA}
		{B5311047-E39A-4887-91EB-E5DC76C64BBD} = {827E0CD3-B72D-47B6-A68D-7590B98EB39B}
		{42F52A84-2EC0-4DE3-BFB4-81841B9291DA} = {827E0CD3-B72D-47B6-A68D-7590B98EB39B}
		{3A9A79F9-1D9E-4B5E-A983-B1ADC0280176} = {5D20AA90-6969-D8BD-9DCD-8634F4692FDA}
		{3C8A85B7-C1B1-4501-B0B9-B61A76BC7065} = {5D20AA90-6969-D8BD-9DCD-8634F4692FDA}
		{0AFE5019-8E17-4FAD-BDB8-C65A3D91AB7E} = {5D20AA90-6969-D8BD-9DCD-8634F4692FDA}
		{DB073125-C69C-4CD0-A191-2F621CC54B14} = {0AB3BF05-4346-4AA6-1389-037BE0695223}
		{0AE7E8FE-6178-44AA-9A46-4B4091F0555D} = {0AB3BF05-4346-4AA6-1389-037BE0695223}
		{66E54AD7-643E-4D28-9FF8-415197CE51DE} = {5D20AA90-6969-D8BD-9DCD-8634F4692FDA}
	EndGlobalSection
EndGlobal
